
Microsoft Visual Studio Solution File, Format Version 12.00
# Visual Studio Version 16
VisualStudioVersion = 16.0.30804.86
MinimumVisualStudioVersion = 10.0.40219.1
Project("{FAE04EC0-301F-11D3-BF4B-00C04F79EFBC}") = "SweepStakes", "SweepStakes\SweepStakes.csproj", "{C55AF33C-ED2D-4685-BF43-D4A07643CACE}"
EndProject
Global
	GlobalSection(SolutionConfigurationPlatforms) = preSolution
		Debug|Any CPU = Debug|Any CPU
		Release|Any CPU = Release|Any CPU
	EndGlobalSection
	GlobalSection(ProjectConfigurationPlatforms) = postSolution
		{C55AF33C-ED2D-4685-BF43-D4A07643CACE}.Debug|Any CPU.ActiveCfg = Debug|Any CPU
		{C55AF33C-ED2D-4685-BF43-D4A07643CACE}.Debug|Any CPU.Build.0 = Debug|Any CPU
		{C55AF33C-ED2D-4685-BF43-D4A07643CACE}.Release|Any CPU.ActiveCfg = Release|Any CPU
		{C55AF33C-ED2D-4685-BF43-D4A07643CACE}.Release|Any CPU.Build.0 = Release|Any CPU
	EndGlobalSection
	GlobalSection(SolutionProperties) = preSolution
		HideSolutionNode = FALSE
	EndGlobalSection
	GlobalSection(ExtensibilityGlobals) = postSolution
		SolutionGuid = {B868A3CB-78D9-4B09-A242-054CAB7F066C}
	EndGlobalSection
EndGlobal
